
Microsoft Visual Studio Solution File, Format Version 12.00
# Visual Studio Version 16
VisualStudioVersion = 16.0.29519.87
MinimumVisualStudioVersion = 10.0.40219.1
Project("{FAE04EC0-301F-11D3-BF4B-00C04F79EFBC}") = "ToDoWithLoginAPI", "ToDoWithLoginAPI\ToDoWithLoginAPI.csproj", "{9EA95DF0-823C-49E5-BC3B-57B688EF1ACF}"
EndProject
Global
	GlobalSection(SolutionConfigurationPlatforms) = preSolution
		Debug|Any CPU = Debug|Any CPU
		Release|Any CPU = Release|Any CPU
	EndGlobalSection
	GlobalSection(ProjectConfigurationPlatforms) = postSolution
		{9EA95DF0-823C-49E5-BC3B-57B688EF1ACF}.Debug|Any CPU.ActiveCfg = Debug|Any CPU
		{9EA95DF0-823C-49E5-BC3B-57B688EF1ACF}.Debug|Any CPU.Build.0 = Debug|Any CPU
		{9EA95DF0-823C-49E5-BC3B-57B688EF1ACF}.Release|Any CPU.ActiveCfg = Release|Any CPU
		{9EA95DF0-823C-49E5-BC3B-57B688EF1ACF}.Release|Any CPU.Build.0 = Release|Any CPU
	EndGlobalSection
	GlobalSection(SolutionProperties) = preSolution
		HideSolutionNode = FALSE
	EndGlobalSection
	GlobalSection(ExtensibilityGlobals) = postSolution
		SolutionGuid = {618760E0-93B9-4FE1-AC22-87D5008533EF}
	EndGlobalSection
EndGlobal
